
Microsoft Visual Studio Solution File, Format Version 12.00
# Visual Studio Version 16
VisualStudioVersion = 16.0.31702.278
MinimumVisualStudioVersion = 10.0.40219.1
Project("{9A19103F-16F7-4668-BE54-9A1E7A4F7556}") = "WebTetrisEngine", "WebTetrisEngine\WebTetrisEngine.csproj", "{49E695F6-A0B4-46EA-B1A0-9A85CCA4B296}"
EndProject
Global
	GlobalSection(SolutionConfigurationPlatforms) = preSolution
		Debug|Any CPU = Debug|Any CPU
		Release|Any CPU = Release|Any CPU
	EndGlobalSection
	GlobalSection(ProjectConfigurationPlatforms) = postSolution
		{49E695F6-A0B4-46EA-B1A0-9A85CCA4B296}.Debug|Any CPU.ActiveCfg = Debug|Any CPU
		{49E695F6-A0B4-46EA-B1A0-9A85CCA4B296}.Debug|Any CPU.Build.0 = Debug|Any CPU
		{49E695F6-A0B4-46EA-B1A0-9A85CCA4B296}.Release|Any CPU.ActiveCfg = Release|Any CPU
		{49E695F6-A0B4-46EA-B1A0-9A85CCA4B296}.Release|Any CPU.Build.0 = Release|Any CPU
	EndGlobalSection
	GlobalSection(SolutionProperties) = preSolution
		HideSolutionNode = FALSE
	EndGlobalSection
	GlobalSection(ExtensibilityGlobals) = postSolution
		SolutionGuid = {E7003B63-BD4C-439F-ADD1-4B434EF477DB}
	EndGlobalSection
EndGlobal
